{
  "version": 4,
  "terraform_version": "1.7.2",
  "serial": 77,
  "lineage": "92779f28-4abd-870f-7aa5-0f06bf48e1d2",
  "outputs": {},
  "resources": [
    {
      "mode": "managed",
      "type": "azurerm_managed_disk",
      "name": "datadisk01",
      "provider": "provider[\"registry.terraform.io/hashicorp/azurerm\"]",
      "instances": [
        {
          "schema_version": 1,
          "attributes": {
            "create_option": "Empty",
            "disk_access_id": "",
            "disk_encryption_set_id": "",
            "disk_iops_read_only": 0,
            "disk_iops_read_write": 500,
            "disk_mbps_read_only": 0,
            "disk_mbps_read_write": 60,
            "disk_size_gb": 4,
            "edge_zone": "",
            "encryption_settings": [],
            "gallery_image_reference_id": "",
            "hyper_v_generation": "",
            "id": "/subscriptions/b5ff1afb-ae55-42f1-a9be-c26f8e9a48f4/resourceGroups/app-grp/providers/Microsoft.Compute/disks/datadisk01",
            "image_reference_id": "",
            "location": "northeurope",
            "logical_sector_size": null,
            "max_shares": 0,
            "name": "datadisk01",
            "network_access_policy": null,
            "on_demand_bursting_enabled": false,
            "optimized_frequent_attach_enabled": false,
            "os_type": "",
            "performance_plus_enabled": false,
            "public_network_access_enabled": true,
            "resource_group_name": "app-grp",
            "secure_vm_disk_encryption_set_id": "",
            "security_type": "",
            "source_resource_id": "",
            "source_uri": "",
            "storage_account_id": "",
            "storage_account_type": "Standard_LRS",
            "tags": null,
            "tier": "",
            "timeouts": null,
            "trusted_launch_enabled": false,
            "upload_size_bytes": 0,
            "zone": ""
          },
          "sensitive_attributes": [],
          "private": "eyJlMmJmYjczMC1lY2FhLTExZTYtOGY4OC0zNDM2M2JjN2M0YzAiOnsiY3JlYXRlIjoxODAwMDAwMDAwMDAwLCJkZWxldGUiOjE4MDAwMDAwMDAwMDAsInJlYWQiOjMwMDAwMDAwMDAwMCwidXBkYXRlIjoxODAwMDAwMDAwMDAwfSwic2NoZW1hX3ZlcnNpb24iOiIxIn0=",
          "dependencies": [
            "azurerm_resource_group.appgrp"
          ]
        }
      ]
    },
    {
      "mode": "managed",
      "type": "azurerm_network_interface",
      "name": "webnic",
      "provider": "provider[\"registry.terraform.io/hashicorp/azurerm\"]",
      "instances": [
        {
          "schema_version": 0,
          "attributes": {
            "accelerated_networking_enabled": false,
            "applied_dns_servers": [],
            "auxiliary_mode": "",
            "auxiliary_sku": "",
            "dns_servers": [],
            "edge_zone": "",
            "id": "/subscriptions/b5ff1afb-ae55-42f1-a9be-c26f8e9a48f4/resourceGroups/app-grp/providers/Microsoft.Network/networkInterfaces/web-nic",
            "internal_dns_name_label": "",
            "internal_domain_name_suffix": "1uliepkyz3qeti3xt5in1fj5ze.fx.internal.cloudapp.net",
            "ip_configuration": [
              {
                "gateway_load_balancer_frontend_ip_configuration_id": "",
                "name": "internal",
                "primary": true,
                "private_ip_address": "10.0.0.4",
                "private_ip_address_allocation": "Dynamic",
                "private_ip_address_version": "IPv4",
                "public_ip_address_id": "/subscriptions/b5ff1afb-ae55-42f1-a9be-c26f8e9a48f4/resourceGroups/app-grp/providers/Microsoft.Network/publicIPAddresses/webip01",
                "subnet_id": "/subscriptions/b5ff1afb-ae55-42f1-a9be-c26f8e9a48f4/resourceGroups/app-grp/providers/Microsoft.Network/virtualNetworks/app-network/subnets/websubnet01"
              }
            ],
            "ip_forwarding_enabled": false,
            "location": "northeurope",
            "mac_address": "7C-1E-52-76-CB-57",
            "name": "web-nic",
            "private_ip_address": "10.0.0.4",
            "private_ip_addresses": [
              "10.0.0.4"
            ],
            "resource_group_name": "app-grp",
            "tags": {},
            "timeouts": null,
            "virtual_machine_id": "/subscriptions/b5ff1afb-ae55-42f1-a9be-c26f8e9a48f4/resourceGroups/app-grp/providers/Microsoft.Compute/virtualMachines/webvm01"
          },
          "sensitive_attributes": [],
          "private": "eyJlMmJmYjczMC1lY2FhLTExZTYtOGY4OC0zNDM2M2JjN2M0YzAiOnsiY3JlYXRlIjoxODAwMDAwMDAwMDAwLCJkZWxldGUiOjE4MDAwMDAwMDAwMDAsInJlYWQiOjMwMDAwMDAwMDAwMCwidXBkYXRlIjoxODAwMDAwMDAwMDAwfX0=",
          "dependencies": [
            "azurerm_public_ip.webip01",
            "azurerm_resource_group.appgrp",
            "azurerm_subnet.websubnet01",
            "azurerm_virtual_network.app_network"
          ]
        }
      ]
    },
    {
      "mode": "managed",
      "type": "azurerm_network_security_group",
      "name": "app_nsg",
      "provider": "provider[\"registry.terraform.io/hashicorp/azurerm\"]",
      "instances": [
        {
          "schema_version": 0,
          "attributes": {
            "id": "/subscriptions/b5ff1afb-ae55-42f1-a9be-c26f8e9a48f4/resourceGroups/app-grp/providers/Microsoft.Network/networkSecurityGroups/app-nsg",
            "location": "northeurope",
            "name": "app-nsg",
            "resource_group_name": "app-grp",
            "security_rule": [
              {
                "access": "Allow",
                "description": "",
                "destination_address_prefix": "*",
                "destination_address_prefixes": [],
                "destination_application_security_group_ids": [],
                "destination_port_range": "3389",
                "destination_port_ranges": [],
                "direction": "Inbound",
                "name": "AllowRDP",
                "priority": 300,
                "protocol": "Tcp",
                "source_address_prefix": "*",
                "source_address_prefixes": [],
                "source_application_security_group_ids": [],
                "source_port_range": "*",
                "source_port_ranges": []
              }
            ],
            "tags": {},
            "timeouts": null
          },
          "sensitive_attributes": [],
          "private": "eyJlMmJmYjczMC1lY2FhLTExZTYtOGY4OC0zNDM2M2JjN2M0YzAiOnsiY3JlYXRlIjoxODAwMDAwMDAwMDAwLCJkZWxldGUiOjE4MDAwMDAwMDAwMDAsInJlYWQiOjMwMDAwMDAwMDAwMCwidXBkYXRlIjoxODAwMDAwMDAwMDAwfX0=",
          "dependencies": [
            "azurerm_resource_group.appgrp"
          ]
        }
      ]
    },
    {
      "mode": "managed",
      "type": "azurerm_public_ip",
      "name": "webip01",
      "provider": "provider[\"registry.terraform.io/hashicorp/azurerm\"]",
      "instances": [
        {
          "schema_version": 0,
          "attributes": {
            "allocation_method": "Static",
            "ddos_protection_mode": "VirtualNetworkInherited",
            "ddos_protection_plan_id": null,
            "domain_name_label": null,
            "domain_name_label_scope": null,
            "edge_zone": "",
            "fqdn": null,
            "id": "/subscriptions/b5ff1afb-ae55-42f1-a9be-c26f8e9a48f4/resourceGroups/app-grp/providers/Microsoft.Network/publicIPAddresses/webip01",
            "idle_timeout_in_minutes": 4,
            "ip_address": "40.69.27.210",
            "ip_tags": {},
            "ip_version": "IPv4",
            "location": "northeurope",
            "name": "webip01",
            "public_ip_prefix_id": null,
            "resource_group_name": "app-grp",
            "reverse_fqdn": null,
            "sku": "Standard",
            "sku_tier": "Regional",
            "tags": {},
            "timeouts": null,
            "zones": []
          },
          "sensitive_attributes": [],
          "private": "eyJlMmJmYjczMC1lY2FhLTExZTYtOGY4OC0zNDM2M2JjN2M0YzAiOnsiY3JlYXRlIjoxODAwMDAwMDAwMDAwLCJkZWxldGUiOjE4MDAwMDAwMDAwMDAsInJlYWQiOjMwMDAwMDAwMDAwMCwidXBkYXRlIjoxODAwMDAwMDAwMDAwfX0=",
          "dependencies": [
            "azurerm_resource_group.appgrp"
          ]
        }
      ]
    },
    {
      "mode": "managed",
      "type": "azurerm_resource_group",
      "name": "appgrp",
      "provider": "provider[\"registry.terraform.io/hashicorp/azurerm\"]",
      "instances": [
        {
          "schema_version": 0,
          "attributes": {
            "id": "/subscriptions/b5ff1afb-ae55-42f1-a9be-c26f8e9a48f4/resourceGroups/app-grp",
            "location": "northeurope",
            "managed_by": "",
            "name": "app-grp",
            "tags": {},
            "timeouts": null
          },
          "sensitive_attributes": [],
          "private": "eyJlMmJmYjczMC1lY2FhLTExZTYtOGY4OC0zNDM2M2JjN2M0YzAiOnsiY3JlYXRlIjo1NDAwMDAwMDAwMDAwLCJkZWxldGUiOjU0MDAwMDAwMDAwMDAsInJlYWQiOjMwMDAwMDAwMDAwMCwidXBkYXRlIjo1NDAwMDAwMDAwMDAwfX0="
        }
      ]
    },
    {
      "mode": "managed",
      "type": "azurerm_subnet",
      "name": "appsubnet01",
      "provider": "provider[\"registry.terraform.io/hashicorp/azurerm\"]",
      "instances": [
        {
          "schema_version": 0,
          "attributes": {
            "address_prefixes": [
              "10.0.1.0/24"
            ],
            "default_outbound_access_enabled": true,
            "delegation": [],
            "id": "/subscriptions/b5ff1afb-ae55-42f1-a9be-c26f8e9a48f4/resourceGroups/app-grp/providers/Microsoft.Network/virtualNetworks/app-network/subnets/appsubnet01",
            "name": "appsubnet01",
            "private_endpoint_network_policies": "Disabled",
            "private_link_service_network_policies_enabled": true,
            "resource_group_name": "app-grp",
            "service_endpoint_policy_ids": [],
            "service_endpoints": [],
            "timeouts": null,
            "virtual_network_name": "app-network"
          },
          "sensitive_attributes": [],
          "private": "eyJlMmJmYjczMC1lY2FhLTExZTYtOGY4OC0zNDM2M2JjN2M0YzAiOnsiY3JlYXRlIjoxODAwMDAwMDAwMDAwLCJkZWxldGUiOjE4MDAwMDAwMDAwMDAsInJlYWQiOjMwMDAwMDAwMDAwMCwidXBkYXRlIjoxODAwMDAwMDAwMDAwfX0=",
          "dependencies": [
            "azurerm_resource_group.appgrp",
            "azurerm_virtual_network.app_network"
          ]
        }
      ]
    },
    {
      "mode": "managed",
      "type": "azurerm_subnet",
      "name": "websubnet01",
      "provider": "provider[\"registry.terraform.io/hashicorp/azurerm\"]",
      "instances": [
        {
          "schema_version": 0,
          "attributes": {
            "address_prefixes": [
              "10.0.0.0/24"
            ],
            "default_outbound_access_enabled": true,
            "delegation": [],
            "id": "/subscriptions/b5ff1afb-ae55-42f1-a9be-c26f8e9a48f4/resourceGroups/app-grp/providers/Microsoft.Network/virtualNetworks/app-network/subnets/websubnet01",
            "name": "websubnet01",
            "private_endpoint_network_policies": "Disabled",
            "private_link_service_network_policies_enabled": true,
            "resource_group_name": "app-grp",
            "service_endpoint_policy_ids": [],
            "service_endpoints": [],
            "timeouts": null,
            "virtual_network_name": "app-network"
          },
          "sensitive_attributes": [],
          "private": "eyJlMmJmYjczMC1lY2FhLTExZTYtOGY4OC0zNDM2M2JjN2M0YzAiOnsiY3JlYXRlIjoxODAwMDAwMDAwMDAwLCJkZWxldGUiOjE4MDAwMDAwMDAwMDAsInJlYWQiOjMwMDAwMDAwMDAwMCwidXBkYXRlIjoxODAwMDAwMDAwMDAwfX0=",
          "dependencies": [
            "azurerm_resource_group.appgrp",
            "azurerm_virtual_network.app_network"
          ]
        }
      ]
    },
    {
      "mode": "managed",
      "type": "azurerm_subnet_network_security_group_association",
      "name": "appsubnet01_appnsg",
      "provider": "provider[\"registry.terraform.io/hashicorp/azurerm\"]",
      "instances": [
        {
          "schema_version": 0,
          "attributes": {
            "id": "/subscriptions/b5ff1afb-ae55-42f1-a9be-c26f8e9a48f4/resourceGroups/app-grp/providers/Microsoft.Network/virtualNetworks/app-network/subnets/appsubnet01",
            "network_security_group_id": "/subscriptions/b5ff1afb-ae55-42f1-a9be-c26f8e9a48f4/resourceGroups/app-grp/providers/Microsoft.Network/networkSecurityGroups/app-nsg",
            "subnet_id": "/subscriptions/b5ff1afb-ae55-42f1-a9be-c26f8e9a48f4/resourceGroups/app-grp/providers/Microsoft.Network/virtualNetworks/app-network/subnets/appsubnet01",
            "timeouts": null
          },
          "sensitive_attributes": [],
          "private": "eyJlMmJmYjczMC1lY2FhLTExZTYtOGY4OC0zNDM2M2JjN2M0YzAiOnsiY3JlYXRlIjoxODAwMDAwMDAwMDAwLCJkZWxldGUiOjE4MDAwMDAwMDAwMDAsInJlYWQiOjMwMDAwMDAwMDAwMH19",
          "dependencies": [
            "azurerm_network_security_group.app_nsg",
            "azurerm_resource_group.appgrp",
            "azurerm_subnet.appsubnet01",
            "azurerm_virtual_network.app_network"
          ]
        }
      ]
    },
    {
      "mode": "managed",
      "type": "azurerm_subnet_network_security_group_association",
      "name": "websubnet01_appnsg",
      "provider": "provider[\"registry.terraform.io/hashicorp/azurerm\"]",
      "instances": [
        {
          "schema_version": 0,
          "attributes": {
            "id": "/subscriptions/b5ff1afb-ae55-42f1-a9be-c26f8e9a48f4/resourceGroups/app-grp/providers/Microsoft.Network/virtualNetworks/app-network/subnets/websubnet01",
            "network_security_group_id": "/subscriptions/b5ff1afb-ae55-42f1-a9be-c26f8e9a48f4/resourceGroups/app-grp/providers/Microsoft.Network/networkSecurityGroups/app-nsg",
            "subnet_id": "/subscriptions/b5ff1afb-ae55-42f1-a9be-c26f8e9a48f4/resourceGroups/app-grp/providers/Microsoft.Network/virtualNetworks/app-network/subnets/websubnet01",
            "timeouts": null
          },
          "sensitive_attributes": [],
          "private": "eyJlMmJmYjczMC1lY2FhLTExZTYtOGY4OC0zNDM2M2JjN2M0YzAiOnsiY3JlYXRlIjoxODAwMDAwMDAwMDAwLCJkZWxldGUiOjE4MDAwMDAwMDAwMDAsInJlYWQiOjMwMDAwMDAwMDAwMH19",
          "dependencies": [
            "azurerm_network_security_group.app_nsg",
            "azurerm_resource_group.appgrp",
            "azurerm_subnet.websubnet01",
            "azurerm_virtual_network.app_network"
          ]
        }
      ]
    },
    {
      "mode": "managed",
      "type": "azurerm_virtual_machine_data_disk_attachment",
      "name": "example",
      "provider": "provider[\"registry.terraform.io/hashicorp/azurerm\"]",
      "instances": [
        {
          "schema_version": 0,
          "attributes": {
            "caching": "ReadWrite",
            "create_option": "Attach",
            "id": "/subscriptions/b5ff1afb-ae55-42f1-a9be-c26f8e9a48f4/resourceGroups/app-grp/providers/Microsoft.Compute/virtualMachines/webvm01/dataDisks/datadisk01",
            "lun": 0,
            "managed_disk_id": "/subscriptions/b5ff1afb-ae55-42f1-a9be-c26f8e9a48f4/resourceGroups/app-grp/providers/Microsoft.Compute/disks/datadisk01",
            "timeouts": null,
            "virtual_machine_id": "/subscriptions/b5ff1afb-ae55-42f1-a9be-c26f8e9a48f4/resourceGroups/app-grp/providers/Microsoft.Compute/virtualMachines/webvm01",
            "write_accelerator_enabled": false
          },
          "sensitive_attributes": [],
          "private": "eyJlMmJmYjczMC1lY2FhLTExZTYtOGY4OC0zNDM2M2JjN2M0YzAiOnsiY3JlYXRlIjoxODAwMDAwMDAwMDAwLCJkZWxldGUiOjE4MDAwMDAwMDAwMDAsInJlYWQiOjMwMDAwMDAwMDAwMCwidXBkYXRlIjoxODAwMDAwMDAwMDAwfX0=",
          "dependencies": [
            "azurerm_managed_disk.datadisk01",
            "azurerm_network_interface.webnic",
            "azurerm_public_ip.webip01",
            "azurerm_resource_group.appgrp",
            "azurerm_subnet.websubnet01",
            "azurerm_virtual_network.app_network",
            "azurerm_windows_virtual_machine.webvm01"
          ]
        }
      ]
    },
    {
      "mode": "managed",
      "type": "azurerm_virtual_network",
      "name": "app_network",
      "provider": "provider[\"registry.terraform.io/hashicorp/azurerm\"]",
      "instances": [
        {
          "schema_version": 0,
          "attributes": {
            "address_space": [
              "10.0.0.0/16"
            ],
            "bgp_community": "",
            "ddos_protection_plan": [],
            "dns_servers": [],
            "edge_zone": "",
            "encryption": [],
            "flow_timeout_in_minutes": 0,
            "guid": "3d8216dd-cf58-4960-a3b7-9fd0dd953fcc",
            "id": "/subscriptions/b5ff1afb-ae55-42f1-a9be-c26f8e9a48f4/resourceGroups/app-grp/providers/Microsoft.Network/virtualNetworks/app-network",
            "location": "northeurope",
            "name": "app-network",
            "private_endpoint_vnet_policies": "Disabled",
            "resource_group_name": "app-grp",
            "subnet": [
              {
                "address_prefixes": [
                  "10.0.0.0/24"
                ],
                "default_outbound_access_enabled": true,
                "delegation": [],
                "id": "/subscriptions/b5ff1afb-ae55-42f1-a9be-c26f8e9a48f4/resourceGroups/app-grp/providers/Microsoft.Network/virtualNetworks/app-network/subnets/websubnet01",
                "name": "websubnet01",
                "private_endpoint_network_policies": "Disabled",
                "private_link_service_network_policies_enabled": true,
                "route_table_id": "",
                "security_group": "/subscriptions/b5ff1afb-ae55-42f1-a9be-c26f8e9a48f4/resourceGroups/app-grp/providers/Microsoft.Network/networkSecurityGroups/app-nsg",
                "service_endpoint_policy_ids": [],
                "service_endpoints": []
              },
              {
                "address_prefixes": [
                  "10.0.1.0/24"
                ],
                "default_outbound_access_enabled": true,
                "delegation": [],
                "id": "/subscriptions/b5ff1afb-ae55-42f1-a9be-c26f8e9a48f4/resourceGroups/app-grp/providers/Microsoft.Network/virtualNetworks/app-network/subnets/appsubnet01",
                "name": "appsubnet01",
                "private_endpoint_network_policies": "Disabled",
                "private_link_service_network_policies_enabled": true,
                "route_table_id": "",
                "security_group": "/subscriptions/b5ff1afb-ae55-42f1-a9be-c26f8e9a48f4/resourceGroups/app-grp/providers/Microsoft.Network/networkSecurityGroups/app-nsg",
                "service_endpoint_policy_ids": [],
                "service_endpoints": []
              }
            ],
            "tags": {},
            "timeouts": null
          },
          "sensitive_attributes": [],
          "private": "eyJlMmJmYjczMC1lY2FhLTExZTYtOGY4OC0zNDM2M2JjN2M0YzAiOnsiY3JlYXRlIjoxODAwMDAwMDAwMDAwLCJkZWxldGUiOjE4MDAwMDAwMDAwMDAsInJlYWQiOjMwMDAwMDAwMDAwMCwidXBkYXRlIjoxODAwMDAwMDAwMDAwfX0=",
          "dependencies": [
            "azurerm_resource_group.appgrp"
          ]
        }
      ]
    },
    {
      "mode": "managed",
      "type": "azurerm_windows_virtual_machine",
      "name": "webvm01",
      "provider": "provider[\"registry.terraform.io/hashicorp/azurerm\"]",
      "instances": [
        {
          "schema_version": 0,
          "attributes": {
            "additional_capabilities": [],
            "additional_unattend_content": [],
            "admin_password": "Ashu@2640",
            "admin_username": "appadmin",
            "allow_extension_operations": true,
            "availability_set_id": "",
            "boot_diagnostics": [],
            "bypass_platform_safety_checks_on_user_schedule_enabled": false,
            "capacity_reservation_group_id": "",
            "computer_name": "webvm01",
            "custom_data": null,
            "dedicated_host_group_id": "",
            "dedicated_host_id": "",
            "disk_controller_type": "",
            "edge_zone": "",
            "enable_automatic_updates": true,
            "encryption_at_host_enabled": false,
            "eviction_policy": "",
            "extensions_time_budget": "PT1H30M",
            "gallery_application": [],
            "hotpatching_enabled": false,
            "id": "/subscriptions/b5ff1afb-ae55-42f1-a9be-c26f8e9a48f4/resourceGroups/app-grp/providers/Microsoft.Compute/virtualMachines/webvm01",
            "identity": [],
            "license_type": "",
            "location": "northeurope",
            "max_bid_price": -1,
            "name": "webvm01",
            "network_interface_ids": [
              "/subscriptions/b5ff1afb-ae55-42f1-a9be-c26f8e9a48f4/resourceGroups/app-grp/providers/Microsoft.Network/networkInterfaces/web-nic"
            ],
            "os_disk": [
              {
                "caching": "ReadWrite",
                "diff_disk_settings": [],
                "disk_encryption_set_id": "",
                "disk_size_gb": 127,
                "id": "/subscriptions/b5ff1afb-ae55-42f1-a9be-c26f8e9a48f4/resourceGroups/app-grp/providers/Microsoft.Compute/disks/webvm01_OsDisk_1_c439971c5bad465db23b983e0be1686a",
                "name": "webvm01_OsDisk_1_c439971c5bad465db23b983e0be1686a",
                "secure_vm_disk_encryption_set_id": "",
                "security_encryption_type": "",
                "storage_account_type": "Standard_LRS",
                "write_accelerator_enabled": false
              }
            ],
            "os_image_notification": [],
            "patch_assessment_mode": "ImageDefault",
            "patch_mode": "AutomaticByOS",
            "plan": [],
            "platform_fault_domain": -1,
            "priority": "Regular",
            "private_ip_address": "10.0.0.4",
            "private_ip_addresses": [
              "10.0.0.4"
            ],
            "provision_vm_agent": true,
            "proximity_placement_group_id": "",
            "public_ip_address": "40.69.27.210",
            "public_ip_addresses": [
              "40.69.27.210"
            ],
            "reboot_setting": "",
            "resource_group_name": "app-grp",
            "secret": [],
            "secure_boot_enabled": false,
            "size": "Standard_B2s",
            "source_image_id": "",
            "source_image_reference": [
              {
                "offer": "WindowsServer",
                "publisher": "MicrosoftWindowsServer",
                "sku": "2022-Datacenter",
                "version": "latest"
              }
            ],
            "tags": {},
            "termination_notification": [],
            "timeouts": null,
            "timezone": "",
            "user_data": "",
            "virtual_machine_id": "b92e05cc-5036-4100-99e9-1fa57b536313",
            "virtual_machine_scale_set_id": "",
            "vm_agent_platform_updates_enabled": true,
            "vtpm_enabled": false,
            "winrm_listener": [],
            "zone": ""
          },
          "sensitive_attributes": [
            [
              {
                "type": "get_attr",
                "value": "admin_password"
              }
            ]
          ],
          "private": "eyJlMmJmYjczMC1lY2FhLTExZTYtOGY4OC0zNDM2M2JjN2M0YzAiOnsiY3JlYXRlIjoyNzAwMDAwMDAwMDAwLCJkZWxldGUiOjI3MDAwMDAwMDAwMDAsInJlYWQiOjMwMDAwMDAwMDAwMCwidXBkYXRlIjoyNzAwMDAwMDAwMDAwfX0=",
          "dependencies": [
            "azurerm_network_interface.webnic",
            "azurerm_public_ip.webip01",
            "azurerm_resource_group.appgrp",
            "azurerm_subnet.websubnet01",
            "azurerm_virtual_network.app_network"
          ]
        }
      ]
    }
  ],
  "check_results": null
}
